
Microsoft Visual Studio Solution File, Format Version 12.00
# Visual Studio 14
VisualStudioVersion = 14.0.24720.0
MinimumVisualStudioVersion = 10.0.40219.1
Project("{FAE04EC0-301F-11D3-BF4B-00C04F79EFBC}") = "Problem5", "Problem5\Problem5.csproj", "{B90A3334-C98C-4BBD-BE56-C91B27F6638E}"
EndProject
Project("{FAE04EC0-301F-11D3-BF4B-00C04F79EFBC}") = "Problem22", "Problem22\Problem22.csproj", "{BCBEEB91-4119-4287-938B-BABB52C1B100}"
EndProject
Project("{FAE04EC0-301F-11D3-BF4B-00C04F79EFBC}") = "MathHelper", "MathHelper\MathHelper.csproj", "{3E19B395-9CFE-4FEE-B376-F9EE35895A98}"
EndProject
Project("{FAE04EC0-301F-11D3-BF4B-00C04F79EFBC}") = "MathHelper.Test", "MathHelper.Test\MathHelper.Test.csproj", "{0C2FB85F-0804-4183-9A93-5A8750AA3954}"
EndProject
Project("{FAE04EC0-301F-11D3-BF4B-00C04F79EFBC}") = "Problem7", "Problem7\Problem7.csproj", "{EECC7064-6A5A-43BB-96E0-F565AC6CA4AE}"
EndProject
Project("{FAE04EC0-301F-11D3-BF4B-00C04F79EFBC}") = "Problem3", "Problem3\Problem3.csproj", "{B0A33BB0-6F83-41B6-85C1-256F7CE2BD87}"
EndProject
Project("{FAE04EC0-301F-11D3-BF4B-00C04F79EFBC}") = "Problem10", "Problem10\Problem10.csproj", "{B7C2B870-331D-46E4-A3E5-C4487EC9F3C6}"
EndProject
Global
	GlobalSection(SolutionConfigurationPlatforms) = preSolution
		Debug|Any CPU = Debug|Any CPU
		Release|Any CPU = Release|Any CPU
	EndGlobalSection
	GlobalSection(ProjectConfigurationPlatforms) = postSolution
		{B90A3334-C98C-4BBD-BE56-C91B27F6638E}.Debug|Any CPU.ActiveCfg = Debug|Any CPU
		{B90A3334-C98C-4BBD-BE56-C91B27F6638E}.Debug|Any CPU.Build.0 = Debug|Any CPU
		{B90A3334-C98C-4BBD-BE56-C91B27F6638E}.Release|Any CPU.ActiveCfg = Release|Any CPU
		{B90A3334-C98C-4BBD-BE56-C91B27F6638E}.Release|Any CPU.Build.0 = Release|Any CPU
		{BCBEEB91-4119-4287-938B-BABB52C1B100}.Debug|Any CPU.ActiveCfg = Debug|Any CPU
		{BCBEEB91-4119-4287-938B-BABB52C1B100}.Debug|Any CPU.Build.0 = Debug|Any CPU
		{BCBEEB91-4119-4287-938B-BABB52C1B100}.Release|Any CPU.ActiveCfg = Release|Any CPU
		{BCBEEB91-4119-4287-938B-BABB52C1B100}.Release|Any CPU.Build.0 = Release|Any CPU
		{3E19B395-9CFE-4FEE-B376-F9EE35895A98}.Debug|Any CPU.ActiveCfg = Debug|Any CPU
		{3E19B395-9CFE-4FEE-B376-F9EE35895A98}.Debug|Any CPU.Build.0 = Debug|Any CPU
		{3E19B395-9CFE-4FEE-B376-F9EE35895A98}.Release|Any CPU.ActiveCfg = Release|Any CPU
		{3E19B395-9CFE-4FEE-B376-F9EE35895A98}.Release|Any CPU.Build.0 = Release|Any CPU
		{0C2FB85F-0804-4183-9A93-5A8750AA3954}.Debug|Any CPU.ActiveCfg = Debug|Any CPU
		{0C2FB85F-0804-4183-9A93-5A8750AA3954}.Debug|Any CPU.Build.0 = Debug|Any CPU
		{0C2FB85F-0804-4183-9A93-5A8750AA3954}.Release|Any CPU.ActiveCfg = Release|Any CPU
		{0C2FB85F-0804-4183-9A93-5A8750AA3954}.Release|Any CPU.Build.0 = Release|Any CPU
		{EECC7064-6A5A-43BB-96E0-F565AC6CA4AE}.Debug|Any CPU.ActiveCfg = Debug|Any CPU
		{EECC7064-6A5A-43BB-96E0-F565AC6CA4AE}.Debug|Any CPU.Build.0 = Debug|Any CPU
		{EECC7064-6A5A-43BB-96E0-F565AC6CA4AE}.Release|Any CPU.ActiveCfg = Release|Any CPU
		{EECC7064-6A5A-43BB-96E0-F565AC6CA4AE}.Release|Any CPU.Build.0 = Release|Any CPU
		{B0A33BB0-6F83-41B6-85C1-256F7CE2BD87}.Debug|Any CPU.ActiveCfg = Debug|Any CPU
		{B0A33BB0-6F83-41B6-85C1-256F7CE2BD87}.Debug|Any CPU.Build.0 = Debug|Any CPU
		{B0A33BB0-6F83-41B6-85C1-256F7CE2BD87}.Release|Any CPU.ActiveCfg = Release|Any CPU
		{B0A33BB0-6F83-41B6-85C1-256F7CE2BD87}.Release|Any CPU.Build.0 = Release|Any CPU
		{B7C2B870-331D-46E4-A3E5-C4487EC9F3C6}.Debug|Any CPU.ActiveCfg = Debug|Any CPU
		{B7C2B870-331D-46E4-A3E5-C4487EC9F3C6}.Debug|Any CPU.Build.0 = Debug|Any CPU
		{B7C2B870-331D-46E4-A3E5-C4487EC9F3C6}.Release|Any CPU.ActiveCfg = Release|Any CPU
		{B7C2B870-331D-46E4-A3E5-C4487EC9F3C6}.Release|Any CPU.Build.0 = Release|Any CPU
	EndGlobalSection
	GlobalSection(SolutionProperties) = preSolution
		HideSolutionNode = FALSE
	EndGlobalSection
EndGlobal
